
Microsoft Visual Studio Solution File, Format Version 12.00
# Visual Studio Version 17
VisualStudioVersion = 17.9.34728.123
MinimumVisualStudioVersion = 10.0.40219.1
Project("{FAE04EC0-301F-11D3-BF4B-00C04F79EFBC}") = "TMS", "TMS\TMS.csproj", "{E726592C-12A9-41CE-81C7-07A8909795BF}"
EndProject
Global
	GlobalSection(SolutionConfigurationPlatforms) = preSolution
		Debug|Any CPU = Debug|Any CPU
		Release|Any CPU = Release|Any CPU
	EndGlobalSection
	GlobalSection(ProjectConfigurationPlatforms) = postSolution
		{E726592C-12A9-41CE-81C7-07A8909795BF}.Debug|Any CPU.ActiveCfg = Debug|Any CPU
		{E726592C-12A9-41CE-81C7-07A8909795BF}.Debug|Any CPU.Build.0 = Debug|Any CPU
		{E726592C-12A9-41CE-81C7-07A8909795BF}.Release|Any CPU.ActiveCfg = Release|Any CPU
		{E726592C-12A9-41CE-81C7-07A8909795BF}.Release|Any CPU.Build.0 = Release|Any CPU
	EndGlobalSection
	GlobalSection(SolutionProperties) = preSolution
		HideSolutionNode = FALSE
	EndGlobalSection
	GlobalSection(ExtensibilityGlobals) = postSolution
		SolutionGuid = {B45D8306-D54B-4DCA-BECC-7F138B4E412D}
	EndGlobalSection
EndGlobal
